
Microsoft Visual Studio Solution File, Format Version 12.00
# Visual Studio 15
VisualStudioVersion = 15.0.26730.12
MinimumVisualStudioVersion = 10.0.40219.1
Project("{FAE04EC0-301F-11D3-BF4B-00C04F79EFBC}") = "Inostudio.Test.InitiatorServer", "Inostudio.Test.InitiatorServer\Inostudio.Test.InitiatorServer.csproj", "{BB5FEB52-A1B2-4E4D-9A0D-05A92C684780}"
EndProject
Project("{FAE04EC0-301F-11D3-BF4B-00C04F79EFBC}") = "Inostudio.Test.ProxyServer", "Inostudio.Test.ProxyServer\Inostudio.Test.ProxyServer.csproj", "{85C720E9-9A18-4357-9BB5-DA61EAA8F3EA}"
EndProject
Project("{FAE04EC0-301F-11D3-BF4B-00C04F79EFBC}") = "Inostudio.Test.Core", "Inostudio.Test.Core\Inostudio.Test.Core.csproj", "{F981EDBE-00E9-4F1C-B721-CD36F9054813}"
EndProject
Project("{FAE04EC0-301F-11D3-BF4B-00C04F79EFBC}") = "Inostudio.Test.EchoServer", "Inostudio.Test.EchoServer\Inostudio.Test.EchoServer.csproj", "{A5F6FFC9-3013-46FF-A617-A06C0DB61B9C}"
EndProject
Global
	GlobalSection(SolutionConfigurationPlatforms) = preSolution
		Debug|Any CPU = Debug|Any CPU
		Release|Any CPU = Release|Any CPU
	EndGlobalSection
	GlobalSection(ProjectConfigurationPlatforms) = postSolution
		{BB5FEB52-A1B2-4E4D-9A0D-05A92C684780}.Debug|Any CPU.ActiveCfg = Debug|Any CPU
		{BB5FEB52-A1B2-4E4D-9A0D-05A92C684780}.Debug|Any CPU.Build.0 = Debug|Any CPU
		{BB5FEB52-A1B2-4E4D-9A0D-05A92C684780}.Release|Any CPU.ActiveCfg = Release|Any CPU
		{BB5FEB52-A1B2-4E4D-9A0D-05A92C684780}.Release|Any CPU.Build.0 = Release|Any CPU
		{85C720E9-9A18-4357-9BB5-DA61EAA8F3EA}.Debug|Any CPU.ActiveCfg = Debug|Any CPU
		{85C720E9-9A18-4357-9BB5-DA61EAA8F3EA}.Debug|Any CPU.Build.0 = Debug|Any CPU
		{85C720E9-9A18-4357-9BB5-DA61EAA8F3EA}.Release|Any CPU.ActiveCfg = Release|Any CPU
		{85C720E9-9A18-4357-9BB5-DA61EAA8F3EA}.Release|Any CPU.Build.0 = Release|Any CPU
		{F981EDBE-00E9-4F1C-B721-CD36F9054813}.Debug|Any CPU.ActiveCfg = Debug|Any CPU
		{F981EDBE-00E9-4F1C-B721-CD36F9054813}.Debug|Any CPU.Build.0 = Debug|Any CPU
		{F981EDBE-00E9-4F1C-B721-CD36F9054813}.Release|Any CPU.ActiveCfg = Release|Any CPU
		{F981EDBE-00E9-4F1C-B721-CD36F9054813}.Release|Any CPU.Build.0 = Release|Any CPU
		{A5F6FFC9-3013-46FF-A617-A06C0DB61B9C}.Debug|Any CPU.ActiveCfg = Debug|Any CPU
		{A5F6FFC9-3013-46FF-A617-A06C0DB61B9C}.Debug|Any CPU.Build.0 = Debug|Any CPU
		{A5F6FFC9-3013-46FF-A617-A06C0DB61B9C}.Release|Any CPU.ActiveCfg = Release|Any CPU
		{A5F6FFC9-3013-46FF-A617-A06C0DB61B9C}.Release|Any CPU.Build.0 = Release|Any CPU
	EndGlobalSection
	GlobalSection(SolutionProperties) = preSolution
		HideSolutionNode = FALSE
	EndGlobalSection
	GlobalSection(ExtensibilityGlobals) = postSolution
		SolutionGuid = {EE57687E-7657-415C-87D7-677132981F67}
	EndGlobalSection
EndGlobal
